// !$*UTF8*$!
{
	archiveVersion = 1;
	classes = {
	};
	objectVersion = 77;
	objects = {

/* Begin PBXBuildFile section */
		10F092EA2CFF8A4D00C7FB9C /* FirebaseAnalytics in Frameworks */ = {isa = PBXBuildFile; productRef = 10F092E92CFF8A4D00C7FB9C /* FirebaseAnalytics */; };
		10F092EC2CFF8A4D00C7FB9C /* FirebaseCore in Frameworks */ = {isa = PBXBuildFile; productRef = 10F092EB2CFF8A4D00C7FB9C /* FirebaseCore */; };
		10F092EE2CFF8A4D00C7FB9C /* FirebaseStorage in Frameworks */ = {isa = PBXBuildFile; productRef = 10F092ED2CFF8A4D00C7FB9C /* FirebaseStorage */; };
		10F093002CFFAF6D00C7FB9C /* Preview Assets.xcassets in Resources */ = {isa = PBXBuildFile; fileRef = 10F092F72CFFAF6D00C7FB9C /* Preview Assets.xcassets */; };
		10F093012CFFAF6D00C7FB9C /* Assets.xcassets in Resources */ = {isa = PBXBuildFile; fileRef = 10F092FA2CFFAF6D00C7FB9C /* Assets.xcassets */; };
		10F093022CFFAF6D00C7FB9C /* GoogleService-Info.plist in Resources */ = {isa = PBXBuildFile; fileRef = 10F092FD2CFFAF6D00C7FB9C /* GoogleService-Info.plist */; };
		10F093032CFFAF6D00C7FB9C /* AppPickerView.swift in Sources */ = {isa = PBXBuildFile; fileRef = 10F092F92CFFAF6D00C7FB9C /* AppPickerView.swift */; };
		10F093042CFFAF6D00C7FB9C /* ContentView.swift in Sources */ = {isa = PBXBuildFile; fileRef = 10F092FB2CFFAF6D00C7FB9C /* ContentView.swift */; };
		10F093052CFFAF6D00C7FB9C /* Firebase_Storage_DemoApp.swift in Sources */ = {isa = PBXBuildFile; fileRef = 10F092FC2CFFAF6D00C7FB9C /* Firebase_Storage_DemoApp.swift */; };
		10F093062CFFAF6D00C7FB9C /* StorageManager.swift in Sources */ = {isa = PBXBuildFile; fileRef = 10F092FE2CFFAF6D00C7FB9C /* StorageManager.swift */; };
		10F0930B2CFFB78800C7FB9C /* GoogleService-Info.plist in Resources */ = {isa = PBXBuildFile; fileRef = 10F0930A2CFFB78800C7FB9C /* GoogleService-Info.plist */; };
/* End PBXBuildFile section */

/* Begin PBXFileReference section */
		10F092D52CFF899500C7FB9C /* Firebase Storage Demo.app */ = {isa = PBXFileReference; explicitFileType = wrapper.application; includeInIndex = 0; path = "Firebase Storage Demo.app"; sourceTree = BUILT_PRODUCTS_DIR; };
		10F092F72CFFAF6D00C7FB9C /* Preview Assets.xcassets */ = {isa = PBXFileReference; lastKnownFileType = folder.assetcatalog; path = "Preview Assets.xcassets"; sourceTree = "<group>"; };
		10F092F92CFFAF6D00C7FB9C /* AppPickerView.swift */ = {isa = PBXFileReference; lastKnownFileType = sourcecode.swift; path = AppPickerView.swift; sourceTree = "<group>"; };
		10F092FA2CFFAF6D00C7FB9C /* Assets.xcassets */ = {isa = PBXFileReference; lastKnownFileType = folder.assetcatalog; path = Assets.xcassets; sourceTree = "<group>"; };
		10F092FB2CFFAF6D00C7FB9C /* ContentView.swift */ = {isa = PBXFileReference; lastKnownFileType = sourcecode.swift; path = ContentView.swift; sourceTree = "<group>"; };
		10F092FC2CFFAF6D00C7FB9C /* Firebase_Storage_DemoApp.swift */ = {isa = PBXFileReference; lastKnownFileType = sourcecode.swift; path = Firebase_Storage_DemoApp.swift; sourceTree = "<group>"; };
		10F092FD2CFFAF6D00C7FB9C /* GoogleService-Info.plist */ = {isa = PBXFileReference; lastKnownFileType = text.plist.xml; path = "GoogleService-Info.plist"; sourceTree = "<group>"; };
		10F092FE2CFFAF6D00C7FB9C /* StorageManager.swift */ = {isa = PBXFileReference; lastKnownFileType = sourcecode.swift; path = StorageManager.swift; sourceTree = "<group>"; };
		10F0930A2CFFB78800C7FB9C /* GoogleService-Info.plist */ = {isa = PBXFileReference; lastKnownFileType = text.plist.xml; path = "GoogleService-Info.plist"; sourceTree = "<group>"; };
/* End PBXFileReference section */

/* Begin PBXFrameworksBuildPhase section */
		10F092D22CFF899500C7FB9C /* Frameworks */ = {
			isa = PBXFrameworksBuildPhase;
			buildActionMask = 2147483647;
			files = (
				10F092EC2CFF8A4D00C7FB9C /* FirebaseCore in Frameworks */,
				10F092EA2CFF8A4D00C7FB9C /* FirebaseAnalytics in Frameworks */,
				10F092EE2CFF8A4D00C7FB9C /* FirebaseStorage in Frameworks */,
			);
			runOnlyForDeploymentPostprocessing = 0;
		};
/* End PBXFrameworksBuildPhase section */

/* Begin PBXGroup section */
		10F092CC2CFF899500C7FB9C = {
			isa = PBXGroup;
			children = (
				10F092FF2CFFAF6D00C7FB9C /* Firebase Storage Demo */,
				10F092D62CFF899500C7FB9C /* Products */,
			);
			sourceTree = "<group>";
		};
		10F092D62CFF899500C7FB9C /* Products */ = {
			isa = PBXGroup;
			children = (
				10F092D52CFF899500C7FB9C /* Firebase Storage Demo.app */,
			);
			name = Products;
			sourceTree = "<group>";
		};
		10F092F82CFFAF6D00C7FB9C /* Preview Content */ = {
			isa = PBXGroup;
			children = (
				10F092F72CFFAF6D00C7FB9C /* Preview Assets.xcassets */,
			);
			path = "Preview Content";
			sourceTree = "<group>";
		};
		10F092FF2CFFAF6D00C7FB9C /* Firebase Storage Demo */ = {
			isa = PBXGroup;
			children = (
				10F092FC2CFFAF6D00C7FB9C /* Firebase_Storage_DemoApp.swift */,
				10F093072CFFAF8100C7FB9C /* Services */,
				10F093082CFFAF9200C7FB9C /* Views */,
				10F093092CFFAFAD00C7FB9C /* Resources */,
				10F092F82CFFAF6D00C7FB9C /* Preview Content */,
			);
			path = "Firebase Storage Demo";
			sourceTree = "<group>";
		};
		10F093072CFFAF8100C7FB9C /* Services */ = {
			isa = PBXGroup;
			children = (
				10F092FE2CFFAF6D00C7FB9C /* StorageManager.swift */,
			);
			path = Services;
			sourceTree = "<group>";
		};
		10F093082CFFAF9200C7FB9C /* Views */ = {
			isa = PBXGroup;
			children = (
				10F092FB2CFFAF6D00C7FB9C /* ContentView.swift */,
				10F092F92CFFAF6D00C7FB9C /* AppPickerView.swift */,
			);
			path = Views;
			sourceTree = "<group>";
		};
		10F093092CFFAFAD00C7FB9C /* Resources */ = {
			isa = PBXGroup;
			children = (
				10F0930A2CFFB78800C7FB9C /* GoogleService-Info.plist */,
				10F092FA2CFFAF6D00C7FB9C /* Assets.xcassets */,
				10F092FD2CFFAF6D00C7FB9C /* GoogleService-Info.plist */,
			);
			path = Resources;
			sourceTree = "<group>";
		};
/* End PBXGroup section */

/* Begin PBXNativeTarget section */
		10F092D42CFF899500C7FB9C /* Firebase Storage Demo */ = {
			isa = PBXNativeTarget;
			buildConfigurationList = 10F092E32CFF899600C7FB9C /* Build configuration list for PBXNativeTarget "Firebase Storage Demo" */;
			buildPhases = (
				10F092D12CFF899500C7FB9C /* Sources */,
				10F092D22CFF899500C7FB9C /* Frameworks */,
				10F092D32CFF899500C7FB9C /* Resources */,
			);
			buildRules = (
			);
			dependencies = (
			);
			name = "Firebase Storage Demo";
			packageProductDependencies = (
				10F092E92CFF8A4D00C7FB9C /* FirebaseAnalytics */,
				10F092EB2CFF8A4D00C7FB9C /* FirebaseCore */,
				10F092ED2CFF8A4D00C7FB9C /* FirebaseStorage */,
			);
			productName = "Firebase Storage Demo";
			productReference = 10F092D52CFF899500C7FB9C /* Firebase Storage Demo.app */;
			productType = "com.apple.product-type.application";
		};
/* End PBXNativeTarget section */

/* Begin PBXProject section */
		10F092CD2CFF899500C7FB9C /* Project object */ = {
			isa = PBXProject;
			attributes = {
				BuildIndependentTargetsInParallel = 1;
				LastSwiftUpdateCheck = 1610;
				LastUpgradeCheck = 1610;
				TargetAttributes = {
					10F092D42CFF899500C7FB9C = {
						CreatedOnToolsVersion = 16.1;
					};
				};
			};
			buildConfigurationList = 10F092D02CFF899500C7FB9C /* Build configuration list for PBXProject "Firebase Storage Demo" */;
			developmentRegion = en;
			hasScannedForEncodings = 0;
			knownRegions = (
				en,
				Base,
			);
			mainGroup = 10F092CC2CFF899500C7FB9C;
			minimizedProjectReferenceProxies = 1;
			packageReferences = (
				10F092E82CFF8A4D00C7FB9C /* XCRemoteSwiftPackageReference "firebase-ios-sdk" */,
			);
			preferredProjectObjectVersion = 77;
			productRefGroup = 10F092D62CFF899500C7FB9C /* Products */;
			projectDirPath = "";
			projectRoot = "";
			targets = (
				10F092D42CFF899500C7FB9C /* Firebase Storage Demo */,
			);
		};
/* End PBXProject section */

/* Begin PBXResourcesBuildPhase section */
		10F092D32CFF899500C7FB9C /* Resources */ = {
			isa = PBXResourcesBuildPhase;
			buildActionMask = 2147483647;
			files = (
				10F093002CFFAF6D00C7FB9C /* Preview Assets.xcassets in Resources */,
				10F0930B2CFFB78800C7FB9C /* GoogleService-Info.plist in Resources */,
				10F093012CFFAF6D00C7FB9C /* Assets.xcassets in Resources */,
				10F093022CFFAF6D00C7FB9C /* GoogleService-Info.plist in Resources */,
			);
			runOnlyForDeploymentPostprocessing = 0;
		};
/* End PBXResourcesBuildPhase section */

/* Begin PBXSourcesBuildPhase section */
		10F092D12CFF899500C7FB9C /* Sources */ = {
			isa = PBXSourcesBuildPhase;
			buildActionMask = 2147483647;
			files = (
				10F093032CFFAF6D00C7FB9C /* AppPickerView.swift in Sources */,
				10F093042CFFAF6D00C7FB9C /* ContentView.swift in Sources */,
				10F093052CFFAF6D00C7FB9C /* Firebase_Storage_DemoApp.swift in Sources */,
				10F093062CFFAF6D00C7FB9C /* StorageManager.swift in Sources */,
			);
			runOnlyForDeploymentPostprocessing = 0;
		};
/* End PBXSourcesBuildPhase section */

/* Begin XCBuildConfiguration section */
		10F092E12CFF899600C7FB9C /* Debug */ = {
			isa = XCBuildConfiguration;
			buildSettings = {
				ALWAYS_SEARCH_USER_PATHS = NO;
				ASSETCATALOG_COMPILER_GENERATE_SWIFT_ASSET_SYMBOL_EXTENSIONS = YES;
				CLANG_ANALYZER_NONNULL = YES;
				CLANG_ANALYZER_NUMBER_OBJECT_CONVERSION = YES_AGGRESSIVE;
				CLANG_CXX_LANGUAGE_STANDARD = "gnu++20";
				CLANG_ENABLE_MODULES = YES;
				CLANG_ENABLE_OBJC_ARC = YES;
				CLANG_ENABLE_OBJC_WEAK = YES;
				CLANG_WARN_BLOCK_CAPTURE_AUTORELEASING = YES;
				CLANG_WARN_BOOL_CONVERSION = YES;
				CLANG_WARN_COMMA = YES;
				CLANG_WARN_CONSTANT_CONVERSION = YES;
				CLANG_WARN_DEPRECATED_OBJC_IMPLEMENTATIONS = YES;
				CLANG_WARN_DIRECT_OBJC_ISA_USAGE = YES_ERROR;
				CLANG_WARN_DOCUMENTATION_COMMENTS = YES;
				CLANG_WARN_EMPTY_BODY = YES;
				CLANG_WARN_ENUM_CONVERSION = YES;
				CLANG_WARN_INFINITE_RECURSION = YES;
				CLANG_WARN_INT_CONVERSION = YES;
				CLANG_WARN_NON_LITERAL_NULL_CONVERSION = YES;
				CLANG_WARN_OBJC_IMPLICIT_RETAIN_SELF = YES;
				CLANG_WARN_OBJC_LITERAL_CONVERSION = YES;
				CLANG_WARN_OBJC_ROOT_CLASS = YES_ERROR;
				CLANG_WARN_QUOTED_INCLUDE_IN_FRAMEWORK_HEADER = YES;
				CLANG_WARN_RANGE_LOOP_ANALYSIS = YES;
				CLANG_WARN_STRICT_PROTOTYPES = YES;
				CLANG_WARN_SUSPICIOUS_MOVE = YES;
				CLANG_WARN_UNGUARDED_AVAILABILITY = YES_AGGRESSIVE;
				CLANG_WARN_UNREACHABLE_CODE = YES;
				CLANG_WARN__DUPLICATE_METHOD_MATCH = YES;
				COPY_PHASE_STRIP = NO;
				DEBUG_INFORMATION_FORMAT = dwarf;
				ENABLE_STRICT_OBJC_MSGSEND = YES;
				ENABLE_TESTABILITY = YES;
				ENABLE_USER_SCRIPT_SANDBOXING = YES;
				GCC_C_LANGUAGE_STANDARD = gnu17;
				GCC_DYNAMIC_NO_PIC = NO;
				GCC_NO_COMMON_BLOCKS = YES;
				GCC_OPTIMIZATION_LEVEL = 0;
				GCC_PREPROCESSOR_DEFINITIONS = (
					"DEBUG=1",
					"$(inherited)",
				);
				GCC_WARN_64_TO_32_BIT_CONVERSION = YES;
				GCC_WARN_ABOUT_RETURN_TYPE = YES_ERROR;
				GCC_WARN_UNDECLARED_SELECTOR = YES;
				GCC_WARN_UNINITIALIZED_AUTOS = YES_AGGRESSIVE;
				GCC_WARN_UNUSED_FUNCTION = YES;
				GCC_WARN_UNUSED_VARIABLE = YES;
				IPHONEOS_DEPLOYMENT_TARGET = 18.1;
				LOCALIZATION_PREFERS_STRING_CATALOGS = YES;
				MTL_ENABLE_DEBUG_INFO = INCLUDE_SOURCE;
				MTL_FAST_MATH = YES;
				ONLY_ACTIVE_ARCH = YES;
				SDKROOT = iphoneos;
				SWIFT_ACTIVE_COMPILATION_CONDITIONS = "DEBUG $(inherited)";
				SWIFT_OPTIMIZATION_LEVEL = "-Onone";
			};
			name = Debug;
		};
		10F092E22CFF899600C7FB9C /* Release */ = {
			isa = XCBuildConfiguration;
			buildSettings = {
				ALWAYS_SEARCH_USER_PATHS = NO;
				ASSETCATALOG_COMPILER_GENERATE_SWIFT_ASSET_SYMBOL_EXTENSIONS = YES;
				CLANG_ANALYZER_NONNULL = YES;
				CLANG_ANALYZER_NUMBER_OBJECT_CONVERSION = YES_AGGRESSIVE;
				CLANG_CXX_LANGUAGE_STANDARD = "gnu++20";
				CLANG_ENABLE_MODULES = YES;
				CLANG_ENABLE_OBJC_ARC = YES;
				CLANG_ENABLE_OBJC_WEAK = YES;
				CLANG_WARN_BLOCK_CAPTURE_AUTORELEASING = YES;
				CLANG_WARN_BOOL_CONVERSION = YES;
				CLANG_WARN_COMMA = YES;
				CLANG_WARN_CONSTANT_CONVERSION = YES;
				CLANG_WARN_DEPRECATED_OBJC_IMPLEMENTATIONS = YES;
				CLANG_WARN_DIRECT_OBJC_ISA_USAGE = YES_ERROR;
				CLANG_WARN_DOCUMENTATION_COMMENTS = YES;
				CLANG_WARN_EMPTY_BODY = YES;
				CLANG_WARN_ENUM_CONVERSION = YES;
				CLANG_WARN_INFINITE_RECURSION = YES;
				CLANG_WARN_INT_CONVERSION = YES;
				CLANG_WARN_NON_LITERAL_NULL_CONVERSION = YES;
				CLANG_WARN_OBJC_IMPLICIT_RETAIN_SELF = YES;
				CLANG_WARN_OBJC_LITERAL_CONVERSION = YES;
				CLANG_WARN_OBJC_ROOT_CLASS = YES_ERROR;
				CLANG_WARN_QUOTED_INCLUDE_IN_FRAMEWORK_HEADER = YES;
				CLANG_WARN_RANGE_LOOP_ANALYSIS = YES;
				CLANG_WARN_STRICT_PROTOTYPES = YES;
				CLANG_WARN_SUSPICIOUS_MOVE = YES;
				CLANG_WARN_UNGUARDED_AVAILABILITY = YES_AGGRESSIVE;
				CLANG_WARN_UNREACHABLE_CODE = YES;
				CLANG_WARN__DUPLICATE_METHOD_MATCH = YES;
				COPY_PHASE_STRIP = NO;
				DEBUG_INFORMATION_FORMAT = "dwarf-with-dsym";
				ENABLE_NS_ASSERTIONS = NO;
				ENABLE_STRICT_OBJC_MSGSEND = YES;
				ENABLE_USER_SCRIPT_SANDBOXING = YES;
				GCC_C_LANGUAGE_STANDARD = gnu17;
				GCC_NO_COMMON_BLOCKS = YES;
				GCC_WARN_64_TO_32_BIT_CONVERSION = YES;
				GCC_WARN_ABOUT_RETURN_TYPE = YES_ERROR;
				GCC_WARN_UNDECLARED_SELECTOR = YES;
				GCC_WARN_UNINITIALIZED_AUTOS = YES_AGGRESSIVE;
				GCC_WARN_UNUSED_FUNCTION = YES;
				GCC_WARN_UNUSED_VARIABLE = YES;
				IPHONEOS_DEPLOYMENT_TARGET = 18.1;
				LOCALIZATION_PREFERS_STRING_CATALOGS = YES;
				MTL_ENABLE_DEBUG_INFO = NO;
				MTL_FAST_MATH = YES;
				SDKROOT = iphoneos;
				SWIFT_COMPILATION_MODE = wholemodule;
				VALIDATE_PRODUCT = YES;
			};
			name = Release;
		};
		10F092E42CFF899600C7FB9C /* Debug */ = {
			isa = XCBuildConfiguration;
			buildSettings = {
				ASSETCATALOG_COMPILER_APPICON_NAME = AppIcon;
				ASSETCATALOG_COMPILER_GLOBAL_ACCENT_COLOR_NAME = AccentColor;
				CODE_SIGN_STYLE = Automatic;
				CURRENT_PROJECT_VERSION = 1;
				DEVELOPMENT_ASSET_PATHS = "\"Firebase Storage Demo/Preview Content\"";
				DEVELOPMENT_TEAM = 7G86QRLVBQ;
				ENABLE_PREVIEWS = YES;
				GENERATE_INFOPLIST_FILE = YES;
				INFOPLIST_KEY_UIApplicationSceneManifest_Generation = YES;
				INFOPLIST_KEY_UIApplicationSupportsIndirectInputEvents = YES;
				INFOPLIST_KEY_UILaunchScreen_Generation = YES;
				INFOPLIST_KEY_UISupportedInterfaceOrientations_iPad = "UIInterfaceOrientationPortrait UIInterfaceOrientationPortraitUpsideDown UIInterfaceOrientationLandscapeLeft UIInterfaceOrientationLandscapeRight";
				INFOPLIST_KEY_UISupportedInterfaceOrientations_iPhone = "UIInterfaceOrientationPortrait UIInterfaceOrientationLandscapeLeft UIInterfaceOrientationLandscapeRight";
				LD_RUNPATH_SEARCH_PATHS = (
					"$(inherited)",
					"@executable_path/Frameworks",
				);
				MARKETING_VERSION = 1.0;
				PRODUCT_BUNDLE_IDENTIFIER = "com.algonquincollege.Firebase-Storage-Demo";
				PRODUCT_NAME = "$(TARGET_NAME)";
				SWIFT_EMIT_LOC_STRINGS = YES;
				SWIFT_VERSION = 5.0;
				TARGETED_DEVICE_FAMILY = "1,2";
			};
			name = Debug;
		};
		10F092E52CFF899600C7FB9C /* Release */ = {
			isa = XCBuildConfiguration;
			buildSettings = {
				ASSETCATALOG_COMPILER_APPICON_NAME = AppIcon;
				ASSETCATALOG_COMPILER_GLOBAL_ACCENT_COLOR_NAME = AccentColor;
				CODE_SIGN_STYLE = Automatic;
				CURRENT_PROJECT_VERSION = 1;
				DEVELOPMENT_ASSET_PATHS = "\"Firebase Storage Demo/Preview Content\"";
				DEVELOPMENT_TEAM = 7G86QRLVBQ;
				ENABLE_PREVIEWS = YES;
				GENERATE_INFOPLIST_FILE = YES;
				INFOPLIST_KEY_UIApplicationSceneManifest_Generation = YES;
				INFOPLIST_KEY_UIApplicationSupportsIndirectInputEvents = YES;
				INFOPLIST_KEY_UILaunchScreen_Generation = YES;
				INFOPLIST_KEY_UISupportedInterfaceOrientations_iPad = "UIInterfaceOrientationPortrait UIInterfaceOrientationPortraitUpsideDown UIInterfaceOrientationLandscapeLeft UIInterfaceOrientationLandscapeRight";
				INFOPLIST_KEY_UISupportedInterfaceOrientations_iPhone = "UIInterfaceOrientationPortrait UIInterfaceOrientationLandscapeLeft UIInterfaceOrientationLandscapeRight";
				LD_RUNPATH_SEARCH_PATHS = (
					"$(inherited)",
					"@executable_path/Frameworks",
				);
				MARKETING_VERSION = 1.0;
				PRODUCT_BUNDLE_IDENTIFIER = "com.algonquincollege.Firebase-Storage-Demo";
				PRODUCT_NAME = "$(TARGET_NAME)";
				SWIFT_EMIT_LOC_STRINGS = YES;
				SWIFT_VERSION = 5.0;
				TARGETED_DEVICE_FAMILY = "1,2";
			};
			name = Release;
		};
/* End XCBuildConfiguration section */

/* Begin XCConfigurationList section */
		10F092D02CFF899500C7FB9C /* Build configuration list for PBXProject "Firebase Storage Demo" */ = {
			isa = XCConfigurationList;
			buildConfigurations = (
				10F092E12CFF899600C7FB9C /* Debug */,
				10F092E22CFF899600C7FB9C /* Release */,
			);
			defaultConfigurationIsVisible = 0;
			defaultConfigurationName = Release;
		};
		10F092E32CFF899600C7FB9C /* Build configuration list for PBXNativeTarget "Firebase Storage Demo" */ = {
			isa = XCConfigurationList;
			buildConfigurations = (
				10F092E42CFF899600C7FB9C /* Debug */,
				10F092E52CFF899600C7FB9C /* Release */,
			);
			defaultConfigurationIsVisible = 0;
			defaultConfigurationName = Release;
		};
/* End XCConfigurationList section */

/* Begin XCRemoteSwiftPackageReference section */
		10F092E82CFF8A4D00C7FB9C /* XCRemoteSwiftPackageReference "firebase-ios-sdk" */ = {
			isa = XCRemoteSwiftPackageReference;
			repositoryURL = "https://github.com/firebase/firebase-ios-sdk";
			requirement = {
				kind = upToNextMajorVersion;
				minimumVersion = 11.6.0;
			};
		};
/* End XCRemoteSwiftPackageReference section */

/* Begin XCSwiftPackageProductDependency section */
		10F092E92CFF8A4D00C7FB9C /* FirebaseAnalytics */ = {
			isa = XCSwiftPackageProductDependency;
			package = 10F092E82CFF8A4D00C7FB9C /* XCRemoteSwiftPackageReference "firebase-ios-sdk" */;
			productName = FirebaseAnalytics;
		};
		10F092EB2CFF8A4D00C7FB9C /* FirebaseCore */ = {
			isa = XCSwiftPackageProductDependency;
			package = 10F092E82CFF8A4D00C7FB9C /* XCRemoteSwiftPackageReference "firebase-ios-sdk" */;
			productName = FirebaseCore;
		};
		10F092ED2CFF8A4D00C7FB9C /* FirebaseStorage */ = {
			isa = XCSwiftPackageProductDependency;
			package = 10F092E82CFF8A4D00C7FB9C /* XCRemoteSwiftPackageReference "firebase-ios-sdk" */;
			productName = FirebaseStorage;
		};
/* End XCSwiftPackageProductDependency section */
	};
	rootObject = 10F092CD2CFF899500C7FB9C /* Project object */;
}
